// !$*UTF8*$!
{
	archiveVersion = 1;
	classes = {
	};
	objectVersion = 55;
	objects = {

/* Begin PBXBuildFile section */
		657E8CE2318A2F5892B358B7 /* Pods_DemoSdk.framework in Frameworks */ = {isa = PBXBuildFile; fileRef = 58BC0E6B23095B0F0B151A37 /* Pods_DemoSdk.framework */; };
		C93C87AE2803CFFF00E38880 /* AppDelegate.swift in Sources */ = {isa = PBXBuildFile; fileRef = C93C87AD2803CFFF00E38880 /* AppDelegate.swift */; };
		C93C87B02803CFFF00E38880 /* SceneDelegate.swift in Sources */ = {isa = PBXBuildFile; fileRef = C93C87AF2803CFFF00E38880 /* SceneDelegate.swift */; };
		C93C87B22803CFFF00E38880 /* ViewController.swift in Sources */ = {isa = PBXBuildFile; fileRef = C93C87B12803CFFF00E38880 /* ViewController.swift */; };
		C93C87B52803CFFF00E38880 /* Main.storyboard in Resources */ = {isa = PBXBuildFile; fileRef = C93C87B32803CFFF00E38880 /* Main.storyboard */; };
		C93C87B72803CFFF00E38880 /* Assets.xcassets in Resources */ = {isa = PBXBuildFile; fileRef = C93C87B62803CFFF00E38880 /* Assets.xcassets */; };
		C93C87BA2803CFFF00E38880 /* LaunchScreen.storyboard in Resources */ = {isa = PBXBuildFile; fileRef = C93C87B82803CFFF00E38880 /* LaunchScreen.storyboard */; };
/* End PBXBuildFile section */

/* Begin PBXFileReference section */
		58BC0E6B23095B0F0B151A37 /* Pods_DemoSdk.framework */ = {isa = PBXFileReference; explicitFileType = wrapper.framework; includeInIndex = 0; path = Pods_DemoSdk.framework; sourceTree = BUILT_PRODUCTS_DIR; };
		60D1FC233A481EE4F543131D /* Pods-DemoSdk.debug.xcconfig */ = {isa = PBXFileReference; includeInIndex = 1; lastKnownFileType = text.xcconfig; name = "Pods-DemoSdk.debug.xcconfig"; path = "Target Support Files/Pods-DemoSdk/Pods-DemoSdk.debug.xcconfig"; sourceTree = "<group>"; };
		C93C87AA2803CFFF00E38880 /* DemoSdk.app */ = {isa = PBXFileReference; explicitFileType = wrapper.application; includeInIndex = 0; path = DemoSdk.app; sourceTree = BUILT_PRODUCTS_DIR; };
		C93C87AD2803CFFF00E38880 /* AppDelegate.swift */ = {isa = PBXFileReference; lastKnownFileType = sourcecode.swift; path = AppDelegate.swift; sourceTree = "<group>"; };
		C93C87AF2803CFFF00E38880 /* SceneDelegate.swift */ = {isa = PBXFileReference; lastKnownFileType = sourcecode.swift; path = SceneDelegate.swift; sourceTree = "<group>"; };
		C93C87B12803CFFF00E38880 /* ViewController.swift */ = {isa = PBXFileReference; lastKnownFileType = sourcecode.swift; path = ViewController.swift; sourceTree = "<group>"; };
		C93C87B42803CFFF00E38880 /* Base */ = {isa = PBXFileReference; lastKnownFileType = file.storyboard; name = Base; path = Base.lproj/Main.storyboard; sourceTree = "<group>"; };
		C93C87B62803CFFF00E38880 /* Assets.xcassets */ = {isa = PBXFileReference; lastKnownFileType = folder.assetcatalog; path = Assets.xcassets; sourceTree = "<group>"; };
		C93C87B92803CFFF00E38880 /* Base */ = {isa = PBXFileReference; lastKnownFileType = file.storyboard; name = Base; path = Base.lproj/LaunchScreen.storyboard; sourceTree = "<group>"; };
		C93C87BB2803CFFF00E38880 /* Info.plist */ = {isa = PBXFileReference; lastKnownFileType = text.plist.xml; path = Info.plist; sourceTree = "<group>"; };
		D0AD0D3E8B5777004B89BF40 /* Pods-DemoSdk.release.xcconfig */ = {isa = PBXFileReference; includeInIndex = 1; lastKnownFileType = text.xcconfig; name = "Pods-DemoSdk.release.xcconfig"; path = "Target Support Files/Pods-DemoSdk/Pods-DemoSdk.release.xcconfig"; sourceTree = "<group>"; };
/* End PBXFileReference section */

/* Begin PBXFrameworksBuildPhase section */
		C93C87A72803CFFF00E38880 /* Frameworks */ = {
			isa = PBXFrameworksBuildPhase;
			buildActionMask = 2147483647;
			files = (
				657E8CE2318A2F5892B358B7 /* Pods_DemoSdk.framework in Frameworks */,
			);
			runOnlyForDeploymentPostprocessing = 0;
		};
/* End PBXFrameworksBuildPhase section */

/* Begin PBXGroup section */
		3BAEFD7A1D01F49F205D65C1 /* Pods */ = {
			isa = PBXGroup;
			children = (
				60D1FC233A481EE4F543131D /* Pods-DemoSdk.debug.xcconfig */,
				D0AD0D3E8B5777004B89BF40 /* Pods-DemoSdk.release.xcconfig */,
			);
			name = Pods;
			path = Pods;
			sourceTree = "<group>";
		};
		55A1818E749B07DC39122C04 /* Frameworks */ = {
			isa = PBXGroup;
			children = (
				58BC0E6B23095B0F0B151A37 /* Pods_DemoSdk.framework */,
			);
			name = Frameworks;
			sourceTree = "<group>";
		};
		C93C87A12803CFFF00E38880 = {
			isa = PBXGroup;
			children = (
				C93C87AC2803CFFF00E38880 /* DemoSdk */,
				C93C87AB2803CFFF00E38880 /* Products */,
				3BAEFD7A1D01F49F205D65C1 /* Pods */,
				55A1818E749B07DC39122C04 /* Frameworks */,
			);
			sourceTree = "<group>";
		};
		C93C87AB2803CFFF00E38880 /* Products */ = {
			isa = PBXGroup;
			children = (
				C93C87AA2803CFFF00E38880 /* DemoSdk.app */,
			);
			name = Products;
			sourceTree = "<group>";
		};
		C93C87AC2803CFFF00E38880 /* DemoSdk */ = {
			isa = PBXGroup;
			children = (
				C93C87AD2803CFFF00E38880 /* AppDelegate.swift */,
				C93C87AF2803CFFF00E38880 /* SceneDelegate.swift */,
				C93C87B12803CFFF00E38880 /* ViewController.swift */,
				C93C87B32803CFFF00E38880 /* Main.storyboard */,
				C93C87B62803CFFF00E38880 /* Assets.xcassets */,
				C93C87B82803CFFF00E38880 /* LaunchScreen.storyboard */,
				C93C87BB2803CFFF00E38880 /* Info.plist */,
			);
			path = DemoSdk;
			sourceTree = "<group>";
		};
/* End PBXGroup section */

/* Begin PBXNativeTarget section */
		C93C87A92803CFFF00E38880 /* DemoSdk */ = {
			isa = PBXNativeTarget;
			buildConfigurationList = C93C87BE2803CFFF00E38880 /* Build configuration list for PBXNativeTarget "DemoSdk" */;
			buildPhases = (
				F881E33D0CFE76FC279AC5DD /* [CP] Check Pods Manifest.lock */,
				C93C87A62803CFFF00E38880 /* Sources */,
				C93C87A72803CFFF00E38880 /* Frameworks */,
				C93C87A82803CFFF00E38880 /* Resources */,
				5C9B890662474F6EFD4C87C2 /* [CP] Embed Pods Frameworks */,
			);
			buildRules = (
			);
			dependencies = (
			);
			name = DemoSdk;
			productName = DemoSdk;
			productReference = C93C87AA2803CFFF00E38880 /* DemoSdk.app */;
			productType = "com.apple.product-type.application";
		};
/* End PBXNativeTarget section */

/* Begin PBXProject section */
		C93C87A22803CFFF00E38880 /* Project object */ = {
			isa = PBXProject;
			attributes = {
				BuildIndependentTargetsInParallel = 1;
				LastSwiftUpdateCheck = 1330;
				LastUpgradeCheck = 1330;
				TargetAttributes = {
					C93C87A92803CFFF00E38880 = {
						CreatedOnToolsVersion = 13.3;
					};
				};
			};
			buildConfigurationList = C93C87A52803CFFF00E38880 /* Build configuration list for PBXProject "DemoSdk" */;
			compatibilityVersion = "Xcode 13.0";
			developmentRegion = en;
			hasScannedForEncodings = 0;
			knownRegions = (
				en,
				Base,
			);
			mainGroup = C93C87A12803CFFF00E38880;
			productRefGroup = C93C87AB2803CFFF00E38880 /* Products */;
			projectDirPath = "";
			projectRoot = "";
			targets = (
				C93C87A92803CFFF00E38880 /* DemoSdk */,
			);
		};
/* End PBXProject section */

/* Begin PBXResourcesBuildPhase section */
		C93C87A82803CFFF00E38880 /* Resources */ = {
			isa = PBXResourcesBuildPhase;
			buildActionMask = 2147483647;
			files = (
				C93C87BA2803CFFF00E38880 /* LaunchScreen.storyboard in Resources */,
				C93C87B72803CFFF00E38880 /* Assets.xcassets in Resources */,
				C93C87B52803CFFF00E38880 /* Main.storyboard in Resources */,
			);
			runOnlyForDeploymentPostprocessing = 0;
		};
/* End PBXResourcesBuildPhase section */

/* Begin PBXShellScriptBuildPhase section */
		5C9B890662474F6EFD4C87C2 /* [CP] Embed Pods Frameworks */ = {
			isa = PBXShellScriptBuildPhase;
			buildActionMask = 2147483647;
			files = (
			);
			inputFileListPaths = (
				"${PODS_ROOT}/Target Support Files/Pods-DemoSdk/Pods-DemoSdk-frameworks-${CONFIGURATION}-input-files.xcfilelist",
			);
			name = "[CP] Embed Pods Frameworks";
			outputFileListPaths = (
				"${PODS_ROOT}/Target Support Files/Pods-DemoSdk/Pods-DemoSdk-frameworks-${CONFIGURATION}-output-files.xcfilelist",
			);
			runOnlyForDeploymentPostprocessing = 0;
			shellPath = /bin/sh;
			shellScript = "\"${PODS_ROOT}/Target Support Files/Pods-DemoSdk/Pods-DemoSdk-frameworks.sh\"\n";
			showEnvVarsInLog = 0;
		};
		F881E33D0CFE76FC279AC5DD /* [CP] Check Pods Manifest.lock */ = {
			isa = PBXShellScriptBuildPhase;
			buildActionMask = 2147483647;
			files = (
			);
			inputFileListPaths = (
			);
			inputPaths = (
				"${PODS_PODFILE_DIR_PATH}/Podfile.lock",
				"${PODS_ROOT}/Manifest.lock",
			);
			name = "[CP] Check Pods Manifest.lock";
			outputFileListPaths = (
			);
			outputPaths = (
				"$(DERIVED_FILE_DIR)/Pods-DemoSdk-checkManifestLockResult.txt",
			);
			runOnlyForDeploymentPostprocessing = 0;
			shellPath = /bin/sh;
			shellScript = "diff \"${PODS_PODFILE_DIR_PATH}/Podfile.lock\" \"${PODS_ROOT}/Manifest.lock\" > /dev/null\nif [ $? != 0 ] ; then\n    # print error to STDERR\n    echo \"error: The sandbox is not in sync with the Podfile.lock. Run 'pod install' or update your CocoaPods installation.\" >&2\n    exit 1\nfi\n# This output is used by Xcode 'outputs' to avoid re-running this script phase.\necho \"SUCCESS\" > \"${SCRIPT_OUTPUT_FILE_0}\"\n";
			showEnvVarsInLog = 0;
		};
/* End PBXShellScriptBuildPhase section */

/* Begin PBXSourcesBuildPhase section */
		C93C87A62803CFFF00E38880 /* Sources */ = {
			isa = PBXSourcesBuildPhase;
			buildActionMask = 2147483647;
			files = (
				C93C87B22803CFFF00E38880 /* ViewController.swift in Sources */,
				C93C87AE2803CFFF00E38880 /* AppDelegate.swift in Sources */,
				C93C87B02803CFFF00E38880 /* SceneDelegate.swift in Sources */,
			);
			runOnlyForDeploymentPostprocessing = 0;
		};
/* End PBXSourcesBuildPhase section */

/* Begin PBXVariantGroup section */
		C93C87B32803CFFF00E38880 /* Main.storyboard */ = {
			isa = PBXVariantGroup;
			children = (
				C93C87B42803CFFF00E38880 /* Base */,
			);
			name = Main.storyboard;
			sourceTree = "<group>";
		};
		C93C87B82803CFFF00E38880 /* LaunchScreen.storyboard */ = {
			isa = PBXVariantGroup;
			children = (
				C93C87B92803CFFF00E38880 /* Base */,
			);
			name = LaunchScreen.storyboard;
			sourceTree = "<group>";
		};
/* End PBXVariantGroup section */

/* Begin XCBuildConfiguration section */
		C93C87BC2803CFFF00E38880 /* Debug */ = {
			isa = XCBuildConfiguration;
			buildSettings = {
				ALWAYS_SEARCH_USER_PATHS = NO;
				CLANG_ANALYZER_NONNULL = YES;
				CLANG_ANALYZER_NUMBER_OBJECT_CONVERSION = YES_AGGRESSIVE;
				CLANG_CXX_LANGUAGE_STANDARD = "gnu++17";
				CLANG_ENABLE_MODULES = YES;
				CLANG_ENABLE_OBJC_ARC = YES;
				CLANG_ENABLE_OBJC_WEAK = YES;
				CLANG_WARN_BLOCK_CAPTURE_AUTORELEASING = YES;
				CLANG_WARN_BOOL_CONVERSION = YES;
				CLANG_WARN_COMMA = YES;
				CLANG_WARN_CONSTANT_CONVERSION = YES;
				CLANG_WARN_DEPRECATED_OBJC_IMPLEMENTATIONS = YES;
				CLANG_WARN_DIRECT_OBJC_ISA_USAGE = YES_ERROR;
				CLANG_WARN_DOCUMENTATION_COMMENTS = YES;
				CLANG_WARN_EMPTY_BODY = YES;
				CLANG_WARN_ENUM_CONVERSION = YES;
				CLANG_WARN_INFINITE_RECURSION = YES;
				CLANG_WARN_INT_CONVERSION = YES;
				CLANG_WARN_NON_LITERAL_NULL_CONVERSION = YES;
				CLANG_WARN_OBJC_IMPLICIT_RETAIN_SELF = YES;
				CLANG_WARN_OBJC_LITERAL_CONVERSION = YES;
				CLANG_WARN_OBJC_ROOT_CLASS = YES_ERROR;
				CLANG_WARN_QUOTED_INCLUDE_IN_FRAMEWORK_HEADER = YES;
				CLANG_WARN_RANGE_LOOP_ANALYSIS = YES;
				CLANG_WARN_STRICT_PROTOTYPES = YES;
				CLANG_WARN_SUSPICIOUS_MOVE = YES;
				CLANG_WARN_UNGUARDED_AVAILABILITY = YES_AGGRESSIVE;
				CLANG_WARN_UNREACHABLE_CODE = YES;
				CLANG_WARN__DUPLICATE_METHOD_MATCH = YES;
				COPY_PHASE_STRIP = NO;
				DEBUG_INFORMATION_FORMAT = dwarf;
				ENABLE_STRICT_OBJC_MSGSEND = YES;
				ENABLE_TESTABILITY = YES;
				GCC_C_LANGUAGE_STANDARD = gnu11;
				GCC_DYNAMIC_NO_PIC = NO;
				GCC_NO_COMMON_BLOCKS = YES;
				GCC_OPTIMIZATION_LEVEL = 0;
				GCC_PREPROCESSOR_DEFINITIONS = (
					"DEBUG=1",
					"$(inherited)",
				);
				GCC_WARN_64_TO_32_BIT_CONVERSION = YES;
				GCC_WARN_ABOUT_RETURN_TYPE = YES_ERROR;
				GCC_WARN_UNDECLARED_SELECTOR = YES;
				GCC_WARN_UNINITIALIZED_AUTOS = YES_AGGRESSIVE;
				GCC_WARN_UNUSED_FUNCTION = YES;
				GCC_WARN_UNUSED_VARIABLE = YES;
				IPHONEOS_DEPLOYMENT_TARGET = 15.4;
				MTL_ENABLE_DEBUG_INFO = INCLUDE_SOURCE;
				MTL_FAST_MATH = YES;
				ONLY_ACTIVE_ARCH = YES;
				SDKROOT = iphoneos;
				SWIFT_ACTIVE_COMPILATION_CONDITIONS = DEBUG;
				SWIFT_OPTIMIZATION_LEVEL = "-Onone";
			};
			name = Debug;
		};
		C93C87BD2803CFFF00E38880 /* Release */ = {
			isa = XCBuildConfiguration;
			buildSettings = {
				ALWAYS_SEARCH_USER_PATHS = NO;
				CLANG_ANALYZER_NONNULL = YES;
				CLANG_ANALYZER_NUMBER_OBJECT_CONVERSION = YES_AGGRESSIVE;
				CLANG_CXX_LANGUAGE_STANDARD = "gnu++17";
				CLANG_ENABLE_MODULES = YES;
				CLANG_ENABLE_OBJC_ARC = YES;
				CLANG_ENABLE_OBJC_WEAK = YES;
				CLANG_WARN_BLOCK_CAPTURE_AUTORELEASING = YES;
				CLANG_WARN_BOOL_CONVERSION = YES;
				CLANG_WARN_COMMA = YES;
				CLANG_WARN_CONSTANT_CONVERSION = YES;
				CLANG_WARN_DEPRECATED_OBJC_IMPLEMENTATIONS = YES;
				CLANG_WARN_DIRECT_OBJC_ISA_USAGE = YES_ERROR;
				CLANG_WARN_DOCUMENTATION_COMMENTS = YES;
				CLANG_WARN_EMPTY_BODY = YES;
				CLANG_WARN_ENUM_CONVERSION = YES;
				CLANG_WARN_INFINITE_RECURSION = YES;
				CLANG_WARN_INT_CONVERSION = YES;
				CLANG_WARN_NON_LITERAL_NULL_CONVERSION = YES;
				CLANG_WARN_OBJC_IMPLICIT_RETAIN_SELF = YES;
				CLANG_WARN_OBJC_LITERAL_CONVERSION = YES;
				CLANG_WARN_OBJC_ROOT_CLASS = YES_ERROR;
				CLANG_WARN_QUOTED_INCLUDE_IN_FRAMEWORK_HEADER = YES;
				CLANG_WARN_RANGE_LOOP_ANALYSIS = YES;
				CLANG_WARN_STRICT_PROTOTYPES = YES;
				CLANG_WARN_SUSPICIOUS_MOVE = YES;
				CLANG_WARN_UNGUARDED_AVAILABILITY = YES_AGGRESSIVE;
				CLANG_WARN_UNREACHABLE_CODE = YES;
				CLANG_WARN__DUPLICATE_METHOD_MATCH = YES;
				COPY_PHASE_STRIP = NO;
				DEBUG_INFORMATION_FORMAT = "dwarf-with-dsym";
				ENABLE_NS_ASSERTIONS = NO;
				ENABLE_STRICT_OBJC_MSGSEND = YES;
				GCC_C_LANGUAGE_STANDARD = gnu11;
				GCC_NO_COMMON_BLOCKS = YES;
				GCC_WARN_64_TO_32_BIT_CONVERSION = YES;
				GCC_WARN_ABOUT_RETURN_TYPE = YES_ERROR;
				GCC_WARN_UNDECLARED_SELECTOR = YES;
				GCC_WARN_UNINITIALIZED_AUTOS = YES_AGGRESSIVE;
				GCC_WARN_UNUSED_FUNCTION = YES;
				GCC_WARN_UNUSED_VARIABLE = YES;
				IPHONEOS_DEPLOYMENT_TARGET = 15.4;
				MTL_ENABLE_DEBUG_INFO = NO;
				MTL_FAST_MATH = YES;
				SDKROOT = iphoneos;
				SWIFT_COMPILATION_MODE = wholemodule;
				SWIFT_OPTIMIZATION_LEVEL = "-O";
				VALIDATE_PRODUCT = YES;
			};
			name = Release;
		};
		C93C87BF2803CFFF00E38880 /* Debug */ = {
			isa = XCBuildConfiguration;
			baseConfigurationReference = 60D1FC233A481EE4F543131D /* Pods-DemoSdk.debug.xcconfig */;
			buildSettings = {
				ASSETCATALOG_COMPILER_APPICON_NAME = AppIcon;
				ASSETCATALOG_COMPILER_GLOBAL_ACCENT_COLOR_NAME = AccentColor;
				CODE_SIGN_STYLE = Automatic;
				CURRENT_PROJECT_VERSION = 1;
				DEVELOPMENT_TEAM = D237UGRPX6;
				GENERATE_INFOPLIST_FILE = YES;
				INFOPLIST_FILE = DemoSdk/Info.plist;
				INFOPLIST_KEY_UIApplicationSupportsIndirectInputEvents = YES;
				INFOPLIST_KEY_UILaunchStoryboardName = LaunchScreen;
				INFOPLIST_KEY_UIMainStoryboardFile = Main;
				INFOPLIST_KEY_UISupportedInterfaceOrientations_iPad = "UIInterfaceOrientationPortrait UIInterfaceOrientationPortraitUpsideDown UIInterfaceOrientationLandscapeLeft UIInterfaceOrientationLandscapeRight";
				INFOPLIST_KEY_UISupportedInterfaceOrientations_iPhone = "UIInterfaceOrientationPortrait UIInterfaceOrientationLandscapeLeft UIInterfaceOrientationLandscapeRight";
				LD_RUNPATH_SEARCH_PATHS = (
					"$(inherited)",
					"@executable_path/Frameworks",
				);
				MARKETING_VERSION = 1.0;
				PRODUCT_BUNDLE_IDENTIFIER = cloud.shoplive.DemoSdk;
				PRODUCT_NAME = "$(TARGET_NAME)";
				SWIFT_EMIT_LOC_STRINGS = YES;
				SWIFT_VERSION = 5.0;
				TARGETED_DEVICE_FAMILY = "1,2";
			};
			name = Debug;
		};
		C93C87C02803CFFF00E38880 /* Release */ = {
			isa = XCBuildConfiguration;
			baseConfigurationReference = D0AD0D3E8B5777004B89BF40 /* Pods-DemoSdk.release.xcconfig */;
			buildSettings = {
				ASSETCATALOG_COMPILER_APPICON_NAME = AppIcon;
				ASSETCATALOG_COMPILER_GLOBAL_ACCENT_COLOR_NAME = AccentColor;
				CODE_SIGN_STYLE = Automatic;
				CURRENT_PROJECT_VERSION = 1;
				DEVELOPMENT_TEAM = D237UGRPX6;
				GENERATE_INFOPLIST_FILE = YES;
				INFOPLIST_FILE = DemoSdk/Info.plist;
				INFOPLIST_KEY_UIApplicationSupportsIndirectInputEvents = YES;
				INFOPLIST_KEY_UILaunchStoryboardName = LaunchScreen;
				INFOPLIST_KEY_UIMainStoryboardFile = Main;
				INFOPLIST_KEY_UISupportedInterfaceOrientations_iPad = "UIInterfaceOrientationPortrait UIInterfaceOrientationPortraitUpsideDown UIInterfaceOrientationLandscapeLeft UIInterfaceOrientationLandscapeRight";
				INFOPLIST_KEY_UISupportedInterfaceOrientations_iPhone = "UIInterfaceOrientationPortrait UIInterfaceOrientationLandscapeLeft UIInterfaceOrientationLandscapeRight";
				LD_RUNPATH_SEARCH_PATHS = (
					"$(inherited)",
					"@executable_path/Frameworks",
				);
				MARKETING_VERSION = 1.0;
				PRODUCT_BUNDLE_IDENTIFIER = cloud.shoplive.DemoSdk;
				PRODUCT_NAME = "$(TARGET_NAME)";
				SWIFT_EMIT_LOC_STRINGS = YES;
				SWIFT_VERSION = 5.0;
				TARGETED_DEVICE_FAMILY = "1,2";
			};
			name = Release;
		};
/* End XCBuildConfiguration section */

/* Begin XCConfigurationList section */
		C93C87A52803CFFF00E38880 /* Build configuration list for PBXProject "DemoSdk" */ = {
			isa = XCConfigurationList;
			buildConfigurations = (
				C93C87BC2803CFFF00E38880 /* Debug */,
				C93C87BD2803CFFF00E38880 /* Release */,
			);
			defaultConfigurationIsVisible = 0;
			defaultConfigurationName = Release;
		};
		C93C87BE2803CFFF00E38880 /* Build configuration list for PBXNativeTarget "DemoSdk" */ = {
			isa = XCConfigurationList;
			buildConfigurations = (
				C93C87BF2803CFFF00E38880 /* Debug */,
				C93C87C02803CFFF00E38880 /* Release */,
			);
			defaultConfigurationIsVisible = 0;
			defaultConfigurationName = Release;
		};
/* End XCConfigurationList section */
	};
	rootObject = C93C87A22803CFFF00E38880 /* Project object */;
}
